
Microsoft Visual Studio Solution File, Format Version 12.00
# Visual Studio Version 16
VisualStudioVersion = 16.0.28531.58
MinimumVisualStudioVersion = 10.0.40219.1
Project("{FAE04EC0-301F-11D3-BF4B-00C04F79EFBC}") = "倒计时", "倒计时\倒计时.csproj", "{2AA1979B-21BA-46F1-8EF4-BA894DF81E8B}"
EndProject
Project("{FAE04EC0-301F-11D3-BF4B-00C04F79EFBC}") = "BackgroundTasks", "BackgroundTasks\BackgroundTasks.csproj", "{7A253CDE-4ECC-4B99-9944-6E001899FD8C}"
EndProject
Global
	GlobalSection(SolutionConfigurationPlatforms) = preSolution
		Debug|Any CPU = Debug|Any CPU
		Debug|ARM = Debug|ARM
		Debug|ARM64 = Debug|ARM64
		Debug|x64 = Debug|x64
		Debug|x86 = Debug|x86
		Release|Any CPU = Release|Any CPU
		Release|ARM = Release|ARM
		Release|ARM64 = Release|ARM64
		Release|x64 = Release|x64
		Release|x86 = Release|x86
	EndGlobalSection
	GlobalSection(ProjectConfigurationPlatforms) = postSolution
		{2AA1979B-21BA-46F1-8EF4-BA894DF81E8B}.Debug|Any CPU.ActiveCfg = Debug|x86
		{2AA1979B-21BA-46F1-8EF4-BA894DF81E8B}.Debug|ARM.ActiveCfg = Debug|ARM
		{2AA1979B-21BA-46F1-8EF4-BA894DF81E8B}.Debug|ARM.Build.0 = Debug|ARM
		{2AA1979B-21BA-46F1-8EF4-BA894DF81E8B}.Debug|ARM.Deploy.0 = Debug|ARM
		{2AA1979B-21BA-46F1-8EF4-BA894DF81E8B}.Debug|ARM64.ActiveCfg = Debug|ARM64
		{2AA1979B-21BA-46F1-8EF4-BA894DF81E8B}.Debug|ARM64.Build.0 = Debug|ARM64
		{2AA1979B-21BA-46F1-8EF4-BA894DF81E8B}.Debug|ARM64.Deploy.0 = Debug|ARM64
		{2AA1979B-21BA-46F1-8EF4-BA894DF81E8B}.Debug|x64.ActiveCfg = Debug|x64
		{2AA1979B-21BA-46F1-8EF4-BA894DF81E8B}.Debug|x64.Build.0 = Debug|x64
		{2AA1979B-21BA-46F1-8EF4-BA894DF81E8B}.Debug|x64.Deploy.0 = Debug|x64
		{2AA1979B-21BA-46F1-8EF4-BA894DF81E8B}.Debug|x86.ActiveCfg = Debug|x86
		{2AA1979B-21BA-46F1-8EF4-BA894DF81E8B}.Debug|x86.Build.0 = Debug|x86
		{2AA1979B-21BA-46F1-8EF4-BA894DF81E8B}.Debug|x86.Deploy.0 = Debug|x86
		{2AA1979B-21BA-46F1-8EF4-BA894DF81E8B}.Release|Any CPU.ActiveCfg = Release|x86
		{2AA1979B-21BA-46F1-8EF4-BA894DF81E8B}.Release|ARM.ActiveCfg = Release|ARM
		{2AA1979B-21BA-46F1-8EF4-BA894DF81E8B}.Release|ARM.Build.0 = Release|ARM
		{2AA1979B-21BA-46F1-8EF4-BA894DF81E8B}.Release|ARM.Deploy.0 = Release|ARM
		{2AA1979B-21BA-46F1-8EF4-BA894DF81E8B}.Release|ARM64.ActiveCfg = Release|ARM64
		{2AA1979B-21BA-46F1-8EF4-BA894DF81E8B}.Release|ARM64.Build.0 = Release|ARM64
		{2AA1979B-21BA-46F1-8EF4-BA894DF81E8B}.Release|ARM64.Deploy.0 = Release|ARM64
		{2AA1979B-21BA-46F1-8EF4-BA894DF81E8B}.Release|x64.ActiveCfg = Release|x64
		{2AA1979B-21BA-46F1-8EF4-BA894DF81E8B}.Release|x64.Build.0 = Release|x64
		{2AA1979B-21BA-46F1-8EF4-BA894DF81E8B}.Release|x64.Deploy.0 = Release|x64
		{2AA1979B-21BA-46F1-8EF4-BA894DF81E8B}.Release|x86.ActiveCfg = Release|x86
		{2AA1979B-21BA-46F1-8EF4-BA894DF81E8B}.Release|x86.Build.0 = Release|x86
		{2AA1979B-21BA-46F1-8EF4-BA894DF81E8B}.Release|x86.Deploy.0 = Release|x86
		{7A253CDE-4ECC-4B99-9944-6E001899FD8C}.Debug|Any CPU.ActiveCfg = Debug|Any CPU
		{7A253CDE-4ECC-4B99-9944-6E001899FD8C}.Debug|Any CPU.Build.0 = Debug|Any CPU
		{7A253CDE-4ECC-4B99-9944-6E001899FD8C}.Debug|ARM.ActiveCfg = Debug|ARM
		{7A253CDE-4ECC-4B99-9944-6E001899FD8C}.Debug|ARM.Build.0 = Debug|ARM
		{7A253CDE-4ECC-4B99-9944-6E001899FD8C}.Debug|ARM64.ActiveCfg = Debug|ARM64
		{7A253CDE-4ECC-4B99-9944-6E001899FD8C}.Debug|ARM64.Build.0 = Debug|ARM64
		{7A253CDE-4ECC-4B99-9944-6E001899FD8C}.Debug|x64.ActiveCfg = Debug|x64
		{7A253CDE-4ECC-4B99-9944-6E001899FD8C}.Debug|x64.Build.0 = Debug|x64
		{7A253CDE-4ECC-4B99-9944-6E001899FD8C}.Debug|x86.ActiveCfg = Debug|x86
		{7A253CDE-4ECC-4B99-9944-6E001899FD8C}.Debug|x86.Build.0 = Debug|x86
		{7A253CDE-4ECC-4B99-9944-6E001899FD8C}.Release|Any CPU.ActiveCfg = Release|Any CPU
		{7A253CDE-4ECC-4B99-9944-6E001899FD8C}.Release|Any CPU.Build.0 = Release|Any CPU
		{7A253CDE-4ECC-4B99-9944-6E001899FD8C}.Release|ARM.ActiveCfg = Release|ARM
		{7A253CDE-4ECC-4B99-9944-6E001899FD8C}.Release|ARM.Build.0 = Release|ARM
		{7A253CDE-4ECC-4B99-9944-6E001899FD8C}.Release|ARM64.ActiveCfg = Release|ARM64
		{7A253CDE-4ECC-4B99-9944-6E001899FD8C}.Release|ARM64.Build.0 = Release|ARM64
		{7A253CDE-4ECC-4B99-9944-6E001899FD8C}.Release|x64.ActiveCfg = Release|x64
		{7A253CDE-4ECC-4B99-9944-6E001899FD8C}.Release|x64.Build.0 = Release|x64
		{7A253CDE-4ECC-4B99-9944-6E001899FD8C}.Release|x86.ActiveCfg = Release|x86
		{7A253CDE-4ECC-4B99-9944-6E001899FD8C}.Release|x86.Build.0 = Release|x86
	EndGlobalSection
	GlobalSection(SolutionProperties) = preSolution
		HideSolutionNode = FALSE
	EndGlobalSection
	GlobalSection(ExtensibilityGlobals) = postSolution
		SolutionGuid = {9EF087DD-CA35-4C2E-A9B5-DF5C80EEF907}
	EndGlobalSection
EndGlobal
